// !$*UTF8*$!
{
	archiveVersion = 1;
	classes = {
	};
	objectVersion = 55;
	objects = {

/* Begin PBXBuildFile section */
		0245E95D28023E6500A9FF0D /* mycat.jpg in Resources */ = {isa = PBXBuildFile; fileRef = 0245E95C28023E6500A9FF0D /* mycat.jpg */; };
		028CA201280C6D2D0023D987 /* Heart_icon.png in Resources */ = {isa = PBXBuildFile; fileRef = 028CA200280C6D2C0023D987 /* Heart_icon.png */; };
		028CA203280C6D330023D987 /* heart_icon_selected.png in Resources */ = {isa = PBXBuildFile; fileRef = 028CA202280C6D330023D987 /* heart_icon_selected.png */; };
		029375F327EF998500217020 /* KakaoTalk_20220318_151734644.jpg in Resources */ = {isa = PBXBuildFile; fileRef = 029375F227EF998400217020 /* KakaoTalk_20220318_151734644.jpg */; };
		029375F727F7972800217020 /* myLogo.png in Resources */ = {isa = PBXBuildFile; fileRef = 029375F627F7972800217020 /* myLogo.png */; };
		029375F927F7999B00217020 /* LoginViewController.swift in Sources */ = {isa = PBXBuildFile; fileRef = 029375F827F7999B00217020 /* LoginViewController.swift */; };
		0293760027F7FFCA00217020 /* SettingViewController.swift in Sources */ = {isa = PBXBuildFile; fileRef = 029375FF27F7FFCA00217020 /* SettingViewController.swift */; };
		0293760627F8010A00217020 /* SettingsCell.swift in Sources */ = {isa = PBXBuildFile; fileRef = 0293760427F8010A00217020 /* SettingsCell.swift */; };
		0293760727F8010A00217020 /* UserInfoHeader.swift in Sources */ = {isa = PBXBuildFile; fileRef = 0293760527F8010A00217020 /* UserInfoHeader.swift */; };
		02EC3FFA28021CAB00B8D962 /* SettingSection.swift in Sources */ = {isa = PBXBuildFile; fileRef = 02EC3FF928021CAB00B8D962 /* SettingSection.swift */; };
		02F78BE52809D0E900179AB7 /* classics.png in Resources */ = {isa = PBXBuildFile; fileRef = 02F78BE42809D0E900179AB7 /* classics.png */; };
		02F78BE72809D29500179AB7 /* CategoryViewController.swift in Sources */ = {isa = PBXBuildFile; fileRef = 02F78BE62809D29500179AB7 /* CategoryViewController.swift */; };
		02F78BEF2809E75900179AB7 /* CategoryCollectionViewCell.swift in Sources */ = {isa = PBXBuildFile; fileRef = 02F78BED2809E75900179AB7 /* CategoryCollectionViewCell.swift */; };
		02F78BF7280A28D100179AB7 /* DishViewController.swift in Sources */ = {isa = PBXBuildFile; fileRef = 02F78BF6280A28D100179AB7 /* DishViewController.swift */; };
		02F78BFB280A60E700179AB7 /* classicsViewController.swift in Sources */ = {isa = PBXBuildFile; fileRef = 02F78BFA280A60E700179AB7 /* classicsViewController.swift */; };
		02F78BFD280A624A00179AB7 /* Vector.png in Resources */ = {isa = PBXBuildFile; fileRef = 02F78BFC280A624A00179AB7 /* Vector.png */; };
		02F78C02280A6A5900179AB7 /* ClassicsGridCell.swift in Sources */ = {isa = PBXBuildFile; fileRef = 02F78C01280A6A5900179AB7 /* ClassicsGridCell.swift */; };
		02F78C04280B2AD500179AB7 /* Extention.swift in Sources */ = {isa = PBXBuildFile; fileRef = 02F78C03280B2AD400179AB7 /* Extention.swift */; };
		02F78C07280BCFAB00179AB7 /* chicken.jpeg in Resources */ = {isa = PBXBuildFile; fileRef = 02F78C06280BCFAA00179AB7 /* chicken.jpeg */; };
		08999EE51673AAA0B97A4755 /* Pods_codeBlanch_codeBlanchUITests.framework in Frameworks */ = {isa = PBXBuildFile; fileRef = D2C78566B612B4180935B0BD /* Pods_codeBlanch_codeBlanchUITests.framework */; };
		2917572E27E7D8A000FE96E4 /* AppDelegate.swift in Sources */ = {isa = PBXBuildFile; fileRef = 2917572D27E7D8A000FE96E4 /* AppDelegate.swift */; };
		2917573027E7D8A000FE96E4 /* SceneDelegate.swift in Sources */ = {isa = PBXBuildFile; fileRef = 2917572F27E7D8A000FE96E4 /* SceneDelegate.swift */; };
		2917573227E7D8A000FE96E4 /* ViewController.swift in Sources */ = {isa = PBXBuildFile; fileRef = 2917573127E7D8A000FE96E4 /* ViewController.swift */; };
		2917573527E7D8A000FE96E4 /* Main.storyboard in Resources */ = {isa = PBXBuildFile; fileRef = 2917573327E7D8A000FE96E4 /* Main.storyboard */; };
		2917573727E7D8AD00FE96E4 /* Assets.xcassets in Resources */ = {isa = PBXBuildFile; fileRef = 2917573627E7D8AD00FE96E4 /* Assets.xcassets */; };
		2917573A27E7D8AD00FE96E4 /* LaunchScreen.storyboard in Resources */ = {isa = PBXBuildFile; fileRef = 2917573827E7D8AD00FE96E4 /* LaunchScreen.storyboard */; };
		2917574527E7D8AF00FE96E4 /* codeBlanchTests.swift in Sources */ = {isa = PBXBuildFile; fileRef = 2917574427E7D8AF00FE96E4 /* codeBlanchTests.swift */; };
		2917574F27E7D8AF00FE96E4 /* codeBlanchUITests.swift in Sources */ = {isa = PBXBuildFile; fileRef = 2917574E27E7D8AF00FE96E4 /* codeBlanchUITests.swift */; };
		2917575127E7D8AF00FE96E4 /* codeBlanchUITestsLaunchTests.swift in Sources */ = {isa = PBXBuildFile; fileRef = 2917575027E7D8AF00FE96E4 /* codeBlanchUITestsLaunchTests.swift */; };
		29E6F70D2804F376003C84E2 /* communityViewController.swift in Sources */ = {isa = PBXBuildFile; fileRef = 29E6F70C2804F376003C84E2 /* communityViewController.swift */; };
		29E6F70F2804F523003C84E2 /* PostCell.swift in Sources */ = {isa = PBXBuildFile; fileRef = 29E6F70E2804F522003C84E2 /* PostCell.swift */; };
		29E6F7112804F55D003C84E2 /* ComboViewController.swift in Sources */ = {isa = PBXBuildFile; fileRef = 29E6F7102804F55D003C84E2 /* ComboViewController.swift */; };
		29E6F7132804F57E003C84E2 /* reviewViewController.swift in Sources */ = {isa = PBXBuildFile; fileRef = 29E6F7122804F57E003C84E2 /* reviewViewController.swift */; };
		29E6F7152804F5AF003C84E2 /* leaveReview.storyboard in Resources */ = {isa = PBXBuildFile; fileRef = 29E6F7142804F5AF003C84E2 /* leaveReview.storyboard */; };
		29E6F7172804F5FF003C84E2 /* comboRec.storyboard in Resources */ = {isa = PBXBuildFile; fileRef = 29E6F7162804F5FF003C84E2 /* comboRec.storyboard */; };
		29E6F7192804F732003C84E2 /* RatingView.swift in Sources */ = {isa = PBXBuildFile; fileRef = 29E6F7182804F732003C84E2 /* RatingView.swift */; };
		3C27A27B2A27F2013A263B48 /* Pods_codeBlanch.framework in Frameworks */ = {isa = PBXBuildFile; fileRef = 67DD893211AFD4CFE28804EB /* Pods_codeBlanch.framework */; };
		FB5168DE98BA3A0BDBD3C3C7 /* Pods_codeBlanchTests.framework in Frameworks */ = {isa = PBXBuildFile; fileRef = 45553FD22130FEE2E37DB43A /* Pods_codeBlanchTests.framework */; };
/* End PBXBuildFile section */

/* Begin PBXContainerItemProxy section */
		2917574127E7D8AF00FE96E4 /* PBXContainerItemProxy */ = {
			isa = PBXContainerItemProxy;
			containerPortal = 2917572227E7D8A000FE96E4 /* Project object */;
			proxyType = 1;
			remoteGlobalIDString = 2917572927E7D8A000FE96E4;
			remoteInfo = codeBlanch;
		};
		2917574B27E7D8AF00FE96E4 /* PBXContainerItemProxy */ = {
			isa = PBXContainerItemProxy;
			containerPortal = 2917572227E7D8A000FE96E4 /* Project object */;
			proxyType = 1;
			remoteGlobalIDString = 2917572927E7D8A000FE96E4;
			remoteInfo = codeBlanch;
		};
/* End PBXContainerItemProxy section */

/* Begin PBXFileReference section */
		0245E95C28023E6500A9FF0D /* mycat.jpg */ = {isa = PBXFileReference; lastKnownFileType = image.jpeg; path = mycat.jpg; sourceTree = "<group>"; };
		028CA200280C6D2C0023D987 /* Heart_icon.png */ = {isa = PBXFileReference; lastKnownFileType = image.png; path = Heart_icon.png; sourceTree = "<group>"; };
		028CA202280C6D330023D987 /* heart_icon_selected.png */ = {isa = PBXFileReference; lastKnownFileType = image.png; path = heart_icon_selected.png; sourceTree = "<group>"; };
		029375F227EF998400217020 /* KakaoTalk_20220318_151734644.jpg */ = {isa = PBXFileReference; lastKnownFileType = image.jpeg; name = KakaoTalk_20220318_151734644.jpg; path = Assets.xcassets/KakaoTalk_20220318_151734644.jpg; sourceTree = "<group>"; };
		029375F627F7972800217020 /* myLogo.png */ = {isa = PBXFileReference; lastKnownFileType = image.png; path = myLogo.png; sourceTree = "<group>"; };
		029375F827F7999B00217020 /* LoginViewController.swift */ = {isa = PBXFileReference; lastKnownFileType = sourcecode.swift; path = LoginViewController.swift; sourceTree = "<group>"; };
		029375FF27F7FFCA00217020 /* SettingViewController.swift */ = {isa = PBXFileReference; lastKnownFileType = sourcecode.swift; path = SettingViewController.swift; sourceTree = "<group>"; };
		0293760427F8010A00217020 /* SettingsCell.swift */ = {isa = PBXFileReference; fileEncoding = 4; lastKnownFileType = sourcecode.swift; path = SettingsCell.swift; sourceTree = "<group>"; };
		0293760527F8010A00217020 /* UserInfoHeader.swift */ = {isa = PBXFileReference; fileEncoding = 4; lastKnownFileType = sourcecode.swift; path = UserInfoHeader.swift; sourceTree = "<group>"; };
		02EC3FF928021CAB00B8D962 /* SettingSection.swift */ = {isa = PBXFileReference; lastKnownFileType = sourcecode.swift; path = SettingSection.swift; sourceTree = "<group>"; };
		02F78BE42809D0E900179AB7 /* classics.png */ = {isa = PBXFileReference; lastKnownFileType = image.png; path = classics.png; sourceTree = "<group>"; };
		02F78BE62809D29500179AB7 /* CategoryViewController.swift */ = {isa = PBXFileReference; lastKnownFileType = sourcecode.swift; path = CategoryViewController.swift; sourceTree = "<group>"; };
		02F78BED2809E75900179AB7 /* CategoryCollectionViewCell.swift */ = {isa = PBXFileReference; lastKnownFileType = sourcecode.swift; path = CategoryCollectionViewCell.swift; sourceTree = "<group>"; };
		02F78BF6280A28D100179AB7 /* DishViewController.swift */ = {isa = PBXFileReference; lastKnownFileType = sourcecode.swift; path = DishViewController.swift; sourceTree = "<group>"; };
		02F78BFA280A60E700179AB7 /* classicsViewController.swift */ = {isa = PBXFileReference; lastKnownFileType = sourcecode.swift; path = classicsViewController.swift; sourceTree = "<group>"; };
		02F78BFC280A624A00179AB7 /* Vector.png */ = {isa = PBXFileReference; lastKnownFileType = image.png; path = Vector.png; sourceTree = "<group>"; };
		02F78C01280A6A5900179AB7 /* ClassicsGridCell.swift */ = {isa = PBXFileReference; lastKnownFileType = sourcecode.swift; path = ClassicsGridCell.swift; sourceTree = "<group>"; };
		02F78C03280B2AD400179AB7 /* Extention.swift */ = {isa = PBXFileReference; lastKnownFileType = sourcecode.swift; path = Extention.swift; sourceTree = "<group>"; };
		02F78C06280BCFAA00179AB7 /* chicken.jpeg */ = {isa = PBXFileReference; lastKnownFileType = image.jpeg; name = chicken.jpeg; path = codeBlanch/chicken.jpeg; sourceTree = SOURCE_ROOT; };
		1679A229DA208E92AB5C4FF4 /* Pods-codeBlanchTests.release.xcconfig */ = {isa = PBXFileReference; includeInIndex = 1; lastKnownFileType = text.xcconfig; name = "Pods-codeBlanchTests.release.xcconfig"; path = "Target Support Files/Pods-codeBlanchTests/Pods-codeBlanchTests.release.xcconfig"; sourceTree = "<group>"; };
		2917572A27E7D8A000FE96E4 /* codeBlanch.app */ = {isa = PBXFileReference; explicitFileType = wrapper.application; includeInIndex = 0; path = codeBlanch.app; sourceTree = BUILT_PRODUCTS_DIR; };
		2917572D27E7D8A000FE96E4 /* AppDelegate.swift */ = {isa = PBXFileReference; lastKnownFileType = sourcecode.swift; path = AppDelegate.swift; sourceTree = "<group>"; };
		2917572F27E7D8A000FE96E4 /* SceneDelegate.swift */ = {isa = PBXFileReference; lastKnownFileType = sourcecode.swift; path = SceneDelegate.swift; sourceTree = "<group>"; };
		2917573127E7D8A000FE96E4 /* ViewController.swift */ = {isa = PBXFileReference; lastKnownFileType = sourcecode.swift; path = ViewController.swift; sourceTree = "<group>"; };
		2917573427E7D8A000FE96E4 /* Base */ = {isa = PBXFileReference; lastKnownFileType = file.storyboard; name = Base; path = Base.lproj/Main.storyboard; sourceTree = "<group>"; };
		2917573627E7D8AD00FE96E4 /* Assets.xcassets */ = {isa = PBXFileReference; lastKnownFileType = folder.assetcatalog; path = Assets.xcassets; sourceTree = "<group>"; };
		2917573927E7D8AD00FE96E4 /* Base */ = {isa = PBXFileReference; lastKnownFileType = file.storyboard; name = Base; path = Base.lproj/LaunchScreen.storyboard; sourceTree = "<group>"; };
		2917573B27E7D8AD00FE96E4 /* Info.plist */ = {isa = PBXFileReference; lastKnownFileType = text.plist.xml; path = Info.plist; sourceTree = "<group>"; };
		2917574027E7D8AF00FE96E4 /* codeBlanchTests.xctest */ = {isa = PBXFileReference; explicitFileType = wrapper.cfbundle; includeInIndex = 0; path = codeBlanchTests.xctest; sourceTree = BUILT_PRODUCTS_DIR; };
		2917574427E7D8AF00FE96E4 /* codeBlanchTests.swift */ = {isa = PBXFileReference; lastKnownFileType = sourcecode.swift; path = codeBlanchTests.swift; sourceTree = "<group>"; };
		2917574A27E7D8AF00FE96E4 /* codeBlanchUITests.xctest */ = {isa = PBXFileReference; explicitFileType = wrapper.cfbundle; includeInIndex = 0; path = codeBlanchUITests.xctest; sourceTree = BUILT_PRODUCTS_DIR; };
		2917574E27E7D8AF00FE96E4 /* codeBlanchUITests.swift */ = {isa = PBXFileReference; lastKnownFileType = sourcecode.swift; path = codeBlanchUITests.swift; sourceTree = "<group>"; };
		2917575027E7D8AF00FE96E4 /* codeBlanchUITestsLaunchTests.swift */ = {isa = PBXFileReference; lastKnownFileType = sourcecode.swift; path = codeBlanchUITestsLaunchTests.swift; sourceTree = "<group>"; };
		29E6F70C2804F376003C84E2 /* communityViewController.swift */ = {isa = PBXFileReference; lastKnownFileType = sourcecode.swift; path = communityViewController.swift; sourceTree = "<group>"; };
		29E6F70E2804F522003C84E2 /* PostCell.swift */ = {isa = PBXFileReference; lastKnownFileType = sourcecode.swift; path = PostCell.swift; sourceTree = "<group>"; };
		29E6F7102804F55D003C84E2 /* ComboViewController.swift */ = {isa = PBXFileReference; lastKnownFileType = sourcecode.swift; path = ComboViewController.swift; sourceTree = "<group>"; };
		29E6F7122804F57E003C84E2 /* reviewViewController.swift */ = {isa = PBXFileReference; lastKnownFileType = sourcecode.swift; path = reviewViewController.swift; sourceTree = "<group>"; };
		29E6F7142804F5AF003C84E2 /* leaveReview.storyboard */ = {isa = PBXFileReference; lastKnownFileType = file.storyboard; path = leaveReview.storyboard; sourceTree = "<group>"; };
		29E6F7162804F5FF003C84E2 /* comboRec.storyboard */ = {isa = PBXFileReference; lastKnownFileType = file.storyboard; path = comboRec.storyboard; sourceTree = "<group>"; };
		29E6F7182804F732003C84E2 /* RatingView.swift */ = {isa = PBXFileReference; lastKnownFileType = sourcecode.swift; path = RatingView.swift; sourceTree = "<group>"; };
		45553FD22130FEE2E37DB43A /* Pods_codeBlanchTests.framework */ = {isa = PBXFileReference; explicitFileType = wrapper.framework; includeInIndex = 0; path = Pods_codeBlanchTests.framework; sourceTree = BUILT_PRODUCTS_DIR; };
		4F00503C2C816FBA4C88D2EC /* Pods-codeBlanch-codeBlanchUITests.debug.xcconfig */ = {isa = PBXFileReference; includeInIndex = 1; lastKnownFileType = text.xcconfig; name = "Pods-codeBlanch-codeBlanchUITests.debug.xcconfig"; path = "Target Support Files/Pods-codeBlanch-codeBlanchUITests/Pods-codeBlanch-codeBlanchUITests.debug.xcconfig"; sourceTree = "<group>"; };
		5FABEFBC8AA1BD33D640A6DE /* Pods-codeBlanchTests.debug.xcconfig */ = {isa = PBXFileReference; includeInIndex = 1; lastKnownFileType = text.xcconfig; name = "Pods-codeBlanchTests.debug.xcconfig"; path = "Target Support Files/Pods-codeBlanchTests/Pods-codeBlanchTests.debug.xcconfig"; sourceTree = "<group>"; };
		67DD893211AFD4CFE28804EB /* Pods_codeBlanch.framework */ = {isa = PBXFileReference; explicitFileType = wrapper.framework; includeInIndex = 0; path = Pods_codeBlanch.framework; sourceTree = BUILT_PRODUCTS_DIR; };
		72003DA93CBB45622DC4D969 /* Pods-codeBlanch.release.xcconfig */ = {isa = PBXFileReference; includeInIndex = 1; lastKnownFileType = text.xcconfig; name = "Pods-codeBlanch.release.xcconfig"; path = "Target Support Files/Pods-codeBlanch/Pods-codeBlanch.release.xcconfig"; sourceTree = "<group>"; };
		9274E6A746B3B2BDD3E96655 /* Pods-codeBlanch.debug.xcconfig */ = {isa = PBXFileReference; includeInIndex = 1; lastKnownFileType = text.xcconfig; name = "Pods-codeBlanch.debug.xcconfig"; path = "Target Support Files/Pods-codeBlanch/Pods-codeBlanch.debug.xcconfig"; sourceTree = "<group>"; };
		A70B2A3D954BD588486FD77B /* Pods-codeBlanch-codeBlanchUITests.release.xcconfig */ = {isa = PBXFileReference; includeInIndex = 1; lastKnownFileType = text.xcconfig; name = "Pods-codeBlanch-codeBlanchUITests.release.xcconfig"; path = "Target Support Files/Pods-codeBlanch-codeBlanchUITests/Pods-codeBlanch-codeBlanchUITests.release.xcconfig"; sourceTree = "<group>"; };
		D2C78566B612B4180935B0BD /* Pods_codeBlanch_codeBlanchUITests.framework */ = {isa = PBXFileReference; explicitFileType = wrapper.framework; includeInIndex = 0; path = Pods_codeBlanch_codeBlanchUITests.framework; sourceTree = BUILT_PRODUCTS_DIR; };
/* End PBXFileReference section */

/* Begin PBXFrameworksBuildPhase section */
		2917572727E7D8A000FE96E4 /* Frameworks */ = {
			isa = PBXFrameworksBuildPhase;
			buildActionMask = 2147483647;
			files = (
				3C27A27B2A27F2013A263B48 /* Pods_codeBlanch.framework in Frameworks */,
			);
			runOnlyForDeploymentPostprocessing = 0;
		};
		2917573D27E7D8AF00FE96E4 /* Frameworks */ = {
			isa = PBXFrameworksBuildPhase;
			buildActionMask = 2147483647;
			files = (
				FB5168DE98BA3A0BDBD3C3C7 /* Pods_codeBlanchTests.framework in Frameworks */,
			);
			runOnlyForDeploymentPostprocessing = 0;
		};
		2917574727E7D8AF00FE96E4 /* Frameworks */ = {
			isa = PBXFrameworksBuildPhase;
			buildActionMask = 2147483647;
			files = (
				08999EE51673AAA0B97A4755 /* Pods_codeBlanch_codeBlanchUITests.framework in Frameworks */,
			);
			runOnlyForDeploymentPostprocessing = 0;
		};
/* End PBXFrameworksBuildPhase section */

/* Begin PBXGroup section */
		0293760327F8010A00217020 /* Settings */ = {
			isa = PBXGroup;
			children = (
				02EC3FF928021CAB00B8D962 /* SettingSection.swift */,
				0293760427F8010A00217020 /* SettingsCell.swift */,
				0293760527F8010A00217020 /* UserInfoHeader.swift */,
				029375FF27F7FFCA00217020 /* SettingViewController.swift */,
				029375F827F7999B00217020 /* LoginViewController.swift */,
			);
			path = Settings;
			sourceTree = "<group>";
		};
		02F78BFE280A65EB00179AB7 /* Menu */ = {
			isa = PBXGroup;
			children = (
				02F78C05280B2D7C00179AB7 /* Classics */,
				02F78C00280A66B200179AB7 /* Category */,
				02F78BF6280A28D100179AB7 /* DishViewController.swift */,
				02F78C03280B2AD400179AB7 /* Extention.swift */,
			);
			path = Menu;
			sourceTree = "<group>";
		};
		02F78BFF280A662B00179AB7 /* Community */ = {
			isa = PBXGroup;
			children = (
				29E6F7142804F5AF003C84E2 /* leaveReview.storyboard */,
				29E6F7162804F5FF003C84E2 /* comboRec.storyboard */,
				2917573127E7D8A000FE96E4 /* ViewController.swift */,
				29E6F7182804F732003C84E2 /* RatingView.swift */,
				29E6F7102804F55D003C84E2 /* ComboViewController.swift */,
				29E6F7122804F57E003C84E2 /* reviewViewController.swift */,
				29E6F70C2804F376003C84E2 /* communityViewController.swift */,
				29E6F70E2804F522003C84E2 /* PostCell.swift */,
			);
			path = Community;
			sourceTree = "<group>";
		};
		02F78C00280A66B200179AB7 /* Category */ = {
			isa = PBXGroup;
			children = (
				02F78BE62809D29500179AB7 /* CategoryViewController.swift */,
				02F78BED2809E75900179AB7 /* CategoryCollectionViewCell.swift */,
			);
			path = Category;
			sourceTree = "<group>";
		};
		02F78C05280B2D7C00179AB7 /* Classics */ = {
			isa = PBXGroup;
			children = (
				02F78C01280A6A5900179AB7 /* ClassicsGridCell.swift */,
				02F78BFA280A60E700179AB7 /* classicsViewController.swift */,
			);
			path = Classics;
			sourceTree = "<group>";
		};
		05B97AF61882E9352E65F415 /* Pods */ = {
			isa = PBXGroup;
			children = (
				9274E6A746B3B2BDD3E96655 /* Pods-codeBlanch.debug.xcconfig */,
				72003DA93CBB45622DC4D969 /* Pods-codeBlanch.release.xcconfig */,
				4F00503C2C816FBA4C88D2EC /* Pods-codeBlanch-codeBlanchUITests.debug.xcconfig */,
				A70B2A3D954BD588486FD77B /* Pods-codeBlanch-codeBlanchUITests.release.xcconfig */,
				5FABEFBC8AA1BD33D640A6DE /* Pods-codeBlanchTests.debug.xcconfig */,
				1679A229DA208E92AB5C4FF4 /* Pods-codeBlanchTests.release.xcconfig */,
			);
			path = Pods;
			sourceTree = "<group>";
		};
		19ECBF3B724FFF54DDF3AEA3 /* Frameworks */ = {
			isa = PBXGroup;
			children = (
				67DD893211AFD4CFE28804EB /* Pods_codeBlanch.framework */,
				D2C78566B612B4180935B0BD /* Pods_codeBlanch_codeBlanchUITests.framework */,
				45553FD22130FEE2E37DB43A /* Pods_codeBlanchTests.framework */,
			);
			name = Frameworks;
			sourceTree = "<group>";
		};
		2917572127E7D8A000FE96E4 = {
			isa = PBXGroup;
			children = (
				2917572C27E7D8A000FE96E4 /* codeBlanch */,
				2917574327E7D8AF00FE96E4 /* codeBlanchTests */,
				2917574D27E7D8AF00FE96E4 /* codeBlanchUITests */,
				2917572B27E7D8A000FE96E4 /* Products */,
				05B97AF61882E9352E65F415 /* Pods */,
				19ECBF3B724FFF54DDF3AEA3 /* Frameworks */,
			);
			sourceTree = "<group>";
		};
		2917572B27E7D8A000FE96E4 /* Products */ = {
			isa = PBXGroup;
			children = (
				2917572A27E7D8A000FE96E4 /* codeBlanch.app */,
				2917574027E7D8AF00FE96E4 /* codeBlanchTests.xctest */,
				2917574A27E7D8AF00FE96E4 /* codeBlanchUITests.xctest */,
			);
			name = Products;
			sourceTree = "<group>";
		};
		2917572C27E7D8A000FE96E4 /* codeBlanch */ = {
			isa = PBXGroup;
			children = (
				02F78BFF280A662B00179AB7 /* Community */,
				02F78BFE280A65EB00179AB7 /* Menu */,
				0293760327F8010A00217020 /* Settings */,
				2917573827E7D8AD00FE96E4 /* LaunchScreen.storyboard */,
				2917573327E7D8A000FE96E4 /* Main.storyboard */,
				2917572D27E7D8A000FE96E4 /* AppDelegate.swift */,
				2917572F27E7D8A000FE96E4 /* SceneDelegate.swift */,
				2917573627E7D8AD00FE96E4 /* Assets.xcassets */,
				0245E95C28023E6500A9FF0D /* mycat.jpg */,
				02F78BFC280A624A00179AB7 /* Vector.png */,
				029375F627F7972800217020 /* myLogo.png */,
				02F78BE42809D0E900179AB7 /* classics.png */,
				029375F227EF998400217020 /* KakaoTalk_20220318_151734644.jpg */,
				028CA202280C6D330023D987 /* heart_icon_selected.png */,
				028CA200280C6D2C0023D987 /* Heart_icon.png */,
				02F78C06280BCFAA00179AB7 /* chicken.jpeg */,
				2917573B27E7D8AD00FE96E4 /* Info.plist */,
			);
			path = codeBlanch;
			sourceTree = "<group>";
		};
		2917574327E7D8AF00FE96E4 /* codeBlanchTests */ = {
			isa = PBXGroup;
			children = (
				2917574427E7D8AF00FE96E4 /* codeBlanchTests.swift */,
			);
			path = codeBlanchTests;
			sourceTree = "<group>";
		};
		2917574D27E7D8AF00FE96E4 /* codeBlanchUITests */ = {
			isa = PBXGroup;
			children = (
				2917574E27E7D8AF00FE96E4 /* codeBlanchUITests.swift */,
				2917575027E7D8AF00FE96E4 /* codeBlanchUITestsLaunchTests.swift */,
			);
			path = codeBlanchUITests;
			sourceTree = "<group>";
		};
/* End PBXGroup section */

/* Begin PBXNativeTarget section */
		2917572927E7D8A000FE96E4 /* codeBlanch */ = {
			isa = PBXNativeTarget;
			buildConfigurationList = 2917575427E7D8AF00FE96E4 /* Build configuration list for PBXNativeTarget "codeBlanch" */;
			buildPhases = (
				D007853E7F496C807603E8CA /* [CP] Check Pods Manifest.lock */,
				2917572627E7D8A000FE96E4 /* Sources */,
				2917572727E7D8A000FE96E4 /* Frameworks */,
				2917572827E7D8A000FE96E4 /* Resources */,
				3F4CF6EBE0497131C0B4D390 /* [CP] Embed Pods Frameworks */,
			);
			buildRules = (
			);
			dependencies = (
			);
			name = codeBlanch;
			productName = codeBlanch;
			productReference = 2917572A27E7D8A000FE96E4 /* codeBlanch.app */;
			productType = "com.apple.product-type.application";
		};
		2917573F27E7D8AF00FE96E4 /* codeBlanchTests */ = {
			isa = PBXNativeTarget;
			buildConfigurationList = 2917575727E7D8AF00FE96E4 /* Build configuration list for PBXNativeTarget "codeBlanchTests" */;
			buildPhases = (
				338E778BE3D8D6E2B384F905 /* [CP] Check Pods Manifest.lock */,
				2917573C27E7D8AF00FE96E4 /* Sources */,
				2917573D27E7D8AF00FE96E4 /* Frameworks */,
				2917573E27E7D8AF00FE96E4 /* Resources */,
			);
			buildRules = (
			);
			dependencies = (
				2917574227E7D8AF00FE96E4 /* PBXTargetDependency */,
			);
			name = codeBlanchTests;
			productName = codeBlanchTests;
			productReference = 2917574027E7D8AF00FE96E4 /* codeBlanchTests.xctest */;
			productType = "com.apple.product-type.bundle.unit-test";
		};
		2917574927E7D8AF00FE96E4 /* codeBlanchUITests */ = {
			isa = PBXNativeTarget;
			buildConfigurationList = 2917575A27E7D8AF00FE96E4 /* Build configuration list for PBXNativeTarget "codeBlanchUITests" */;
			buildPhases = (
				A756555D168BC2460F22D8A4 /* [CP] Check Pods Manifest.lock */,
				2917574627E7D8AF00FE96E4 /* Sources */,
				2917574727E7D8AF00FE96E4 /* Frameworks */,
				2917574827E7D8AF00FE96E4 /* Resources */,
				70ECC65B766DA4F54F123F6F /* [CP] Embed Pods Frameworks */,
			);
			buildRules = (
			);
			dependencies = (
				2917574C27E7D8AF00FE96E4 /* PBXTargetDependency */,
			);
			name = codeBlanchUITests;
			productName = codeBlanchUITests;
			productReference = 2917574A27E7D8AF00FE96E4 /* codeBlanchUITests.xctest */;
			productType = "com.apple.product-type.bundle.ui-testing";
		};
/* End PBXNativeTarget section */

/* Begin PBXProject section */
		2917572227E7D8A000FE96E4 /* Project object */ = {
			isa = PBXProject;
			attributes = {
				BuildIndependentTargetsInParallel = 1;
				LastSwiftUpdateCheck = 1320;
				LastUpgradeCheck = 1320;
				TargetAttributes = {
					2917572927E7D8A000FE96E4 = {
						CreatedOnToolsVersion = 13.2.1;
					};
					2917573F27E7D8AF00FE96E4 = {
						CreatedOnToolsVersion = 13.2.1;
						TestTargetID = 2917572927E7D8A000FE96E4;
					};
					2917574927E7D8AF00FE96E4 = {
						CreatedOnToolsVersion = 13.2.1;
						TestTargetID = 2917572927E7D8A000FE96E4;
					};
				};
			};
			buildConfigurationList = 2917572527E7D8A000FE96E4 /* Build configuration list for PBXProject "codeBlanch" */;
			compatibilityVersion = "Xcode 13.0";
			developmentRegion = en;
			hasScannedForEncodings = 0;
			knownRegions = (
				en,
				Base,
			);
			mainGroup = 2917572127E7D8A000FE96E4;
			productRefGroup = 2917572B27E7D8A000FE96E4 /* Products */;
			projectDirPath = "";
			projectRoot = "";
			targets = (
				2917572927E7D8A000FE96E4 /* codeBlanch */,
				2917573F27E7D8AF00FE96E4 /* codeBlanchTests */,
				2917574927E7D8AF00FE96E4 /* codeBlanchUITests */,
			);
		};
/* End PBXProject section */

/* Begin PBXResourcesBuildPhase section */
		2917572827E7D8A000FE96E4 /* Resources */ = {
			isa = PBXResourcesBuildPhase;
			buildActionMask = 2147483647;
			files = (
				029375F727F7972800217020 /* myLogo.png in Resources */,
				028CA201280C6D2D0023D987 /* Heart_icon.png in Resources */,
				029375F327EF998500217020 /* KakaoTalk_20220318_151734644.jpg in Resources */,
				2917573A27E7D8AD00FE96E4 /* LaunchScreen.storyboard in Resources */,
				0245E95D28023E6500A9FF0D /* mycat.jpg in Resources */,
				29E6F7172804F5FF003C84E2 /* comboRec.storyboard in Resources */,
				02F78BE52809D0E900179AB7 /* classics.png in Resources */,
				29E6F7152804F5AF003C84E2 /* leaveReview.storyboard in Resources */,
				02F78C07280BCFAB00179AB7 /* chicken.jpeg in Resources */,
				02F78BFD280A624A00179AB7 /* Vector.png in Resources */,
				028CA203280C6D330023D987 /* heart_icon_selected.png in Resources */,
				2917573727E7D8AD00FE96E4 /* Assets.xcassets in Resources */,
				2917573527E7D8A000FE96E4 /* Main.storyboard in Resources */,
			);
			runOnlyForDeploymentPostprocessing = 0;
		};
		2917573E27E7D8AF00FE96E4 /* Resources */ = {
			isa = PBXResourcesBuildPhase;
			buildActionMask = 2147483647;
			files = (
			);
			runOnlyForDeploymentPostprocessing = 0;
		};
		2917574827E7D8AF00FE96E4 /* Resources */ = {
			isa = PBXResourcesBuildPhase;
			buildActionMask = 2147483647;
			files = (
			);
			runOnlyForDeploymentPostprocessing = 0;
		};
/* End PBXResourcesBuildPhase section */

/* Begin PBXShellScriptBuildPhase section */
		338E778BE3D8D6E2B384F905 /* [CP] Check Pods Manifest.lock */ = {
			isa = PBXShellScriptBuildPhase;
			buildActionMask = 2147483647;
			files = (
			);
			inputFileListPaths = (
			);
			inputPaths = (
				"${PODS_PODFILE_DIR_PATH}/Podfile.lock",
				"${PODS_ROOT}/Manifest.lock",
			);
			name = "[CP] Check Pods Manifest.lock";
			outputFileListPaths = (
			);
			outputPaths = (
				"$(DERIVED_FILE_DIR)/Pods-codeBlanchTests-checkManifestLockResult.txt",
			);
			runOnlyForDeploymentPostprocessing = 0;
			shellPath = /bin/sh;
			shellScript = "diff \"${PODS_PODFILE_DIR_PATH}/Podfile.lock\" \"${PODS_ROOT}/Manifest.lock\" > /dev/null\nif [ $? != 0 ] ; then\n    # print error to STDERR\n    echo \"error: The sandbox is not in sync with the Podfile.lock. Run 'pod install' or update your CocoaPods installation.\" >&2\n    exit 1\nfi\n# This output is used by Xcode 'outputs' to avoid re-running this script phase.\necho \"SUCCESS\" > \"${SCRIPT_OUTPUT_FILE_0}\"\n";
			showEnvVarsInLog = 0;
		};
		3F4CF6EBE0497131C0B4D390 /* [CP] Embed Pods Frameworks */ = {
			isa = PBXShellScriptBuildPhase;
			buildActionMask = 2147483647;
			files = (
			);
			inputFileListPaths = (
				"${PODS_ROOT}/Target Support Files/Pods-codeBlanch/Pods-codeBlanch-frameworks-${CONFIGURATION}-input-files.xcfilelist",
			);
			name = "[CP] Embed Pods Frameworks";
			outputFileListPaths = (
				"${PODS_ROOT}/Target Support Files/Pods-codeBlanch/Pods-codeBlanch-frameworks-${CONFIGURATION}-output-files.xcfilelist",
			);
			runOnlyForDeploymentPostprocessing = 0;
			shellPath = /bin/sh;
			shellScript = "\"${PODS_ROOT}/Target Support Files/Pods-codeBlanch/Pods-codeBlanch-frameworks.sh\"\n";
			showEnvVarsInLog = 0;
		};
		70ECC65B766DA4F54F123F6F /* [CP] Embed Pods Frameworks */ = {
			isa = PBXShellScriptBuildPhase;
			buildActionMask = 2147483647;
			files = (
			);
			inputFileListPaths = (
				"${PODS_ROOT}/Target Support Files/Pods-codeBlanch-codeBlanchUITests/Pods-codeBlanch-codeBlanchUITests-frameworks-${CONFIGURATION}-input-files.xcfilelist",
			);
			name = "[CP] Embed Pods Frameworks";
			outputFileListPaths = (
				"${PODS_ROOT}/Target Support Files/Pods-codeBlanch-codeBlanchUITests/Pods-codeBlanch-codeBlanchUITests-frameworks-${CONFIGURATION}-output-files.xcfilelist",
			);
			runOnlyForDeploymentPostprocessing = 0;
			shellPath = /bin/sh;
			shellScript = "\"${PODS_ROOT}/Target Support Files/Pods-codeBlanch-codeBlanchUITests/Pods-codeBlanch-codeBlanchUITests-frameworks.sh\"\n";
			showEnvVarsInLog = 0;
		};
		A756555D168BC2460F22D8A4 /* [CP] Check Pods Manifest.lock */ = {
			isa = PBXShellScriptBuildPhase;
			buildActionMask = 2147483647;
			files = (
			);
			inputFileListPaths = (
			);
			inputPaths = (
				"${PODS_PODFILE_DIR_PATH}/Podfile.lock",
				"${PODS_ROOT}/Manifest.lock",
			);
			name = "[CP] Check Pods Manifest.lock";
			outputFileListPaths = (
			);
			outputPaths = (
				"$(DERIVED_FILE_DIR)/Pods-codeBlanch-codeBlanchUITests-checkManifestLockResult.txt",
			);
			runOnlyForDeploymentPostprocessing = 0;
			shellPath = /bin/sh;
			shellScript = "diff \"${PODS_PODFILE_DIR_PATH}/Podfile.lock\" \"${PODS_ROOT}/Manifest.lock\" > /dev/null\nif [ $? != 0 ] ; then\n    # print error to STDERR\n    echo \"error: The sandbox is not in sync with the Podfile.lock. Run 'pod install' or update your CocoaPods installation.\" >&2\n    exit 1\nfi\n# This output is used by Xcode 'outputs' to avoid re-running this script phase.\necho \"SUCCESS\" > \"${SCRIPT_OUTPUT_FILE_0}\"\n";
			showEnvVarsInLog = 0;
		};
		D007853E7F496C807603E8CA /* [CP] Check Pods Manifest.lock */ = {
			isa = PBXShellScriptBuildPhase;
			buildActionMask = 2147483647;
			files = (
			);
			inputFileListPaths = (
			);
			inputPaths = (
				"${PODS_PODFILE_DIR_PATH}/Podfile.lock",
				"${PODS_ROOT}/Manifest.lock",
			);
			name = "[CP] Check Pods Manifest.lock";
			outputFileListPaths = (
			);
			outputPaths = (
				"$(DERIVED_FILE_DIR)/Pods-codeBlanch-checkManifestLockResult.txt",
			);
			runOnlyForDeploymentPostprocessing = 0;
			shellPath = /bin/sh;
			shellScript = "diff \"${PODS_PODFILE_DIR_PATH}/Podfile.lock\" \"${PODS_ROOT}/Manifest.lock\" > /dev/null\nif [ $? != 0 ] ; then\n    # print error to STDERR\n    echo \"error: The sandbox is not in sync with the Podfile.lock. Run 'pod install' or update your CocoaPods installation.\" >&2\n    exit 1\nfi\n# This output is used by Xcode 'outputs' to avoid re-running this script phase.\necho \"SUCCESS\" > \"${SCRIPT_OUTPUT_FILE_0}\"\n";
			showEnvVarsInLog = 0;
		};
/* End PBXShellScriptBuildPhase section */

/* Begin PBXSourcesBuildPhase section */
		2917572627E7D8A000FE96E4 /* Sources */ = {
			isa = PBXSourcesBuildPhase;
			buildActionMask = 2147483647;
			files = (
				29E6F70D2804F376003C84E2 /* communityViewController.swift in Sources */,
				0293760027F7FFCA00217020 /* SettingViewController.swift in Sources */,
				02F78BEF2809E75900179AB7 /* CategoryCollectionViewCell.swift in Sources */,
				0293760727F8010A00217020 /* UserInfoHeader.swift in Sources */,
				29E6F7192804F732003C84E2 /* RatingView.swift in Sources */,
				029375F927F7999B00217020 /* LoginViewController.swift in Sources */,
				02EC3FFA28021CAB00B8D962 /* SettingSection.swift in Sources */,
				02F78C04280B2AD500179AB7 /* Extention.swift in Sources */,
				29E6F7132804F57E003C84E2 /* reviewViewController.swift in Sources */,
				0293760627F8010A00217020 /* SettingsCell.swift in Sources */,
				2917573227E7D8A000FE96E4 /* ViewController.swift in Sources */,
				02F78BF7280A28D100179AB7 /* DishViewController.swift in Sources */,
				02F78BE72809D29500179AB7 /* CategoryViewController.swift in Sources */,
				02F78C02280A6A5900179AB7 /* ClassicsGridCell.swift in Sources */,
				2917572E27E7D8A000FE96E4 /* AppDelegate.swift in Sources */,
				02F78BFB280A60E700179AB7 /* classicsViewController.swift in Sources */,
				29E6F7112804F55D003C84E2 /* ComboViewController.swift in Sources */,
				2917573027E7D8A000FE96E4 /* SceneDelegate.swift in Sources */,
				29E6F70F2804F523003C84E2 /* PostCell.swift in Sources */,
			);
			runOnlyForDeploymentPostprocessing = 0;
		};
		2917573C27E7D8AF00FE96E4 /* Sources */ = {
			isa = PBXSourcesBuildPhase;
			buildActionMask = 2147483647;
			files = (
				2917574527E7D8AF00FE96E4 /* codeBlanchTests.swift in Sources */,
			);
			runOnlyForDeploymentPostprocessing = 0;
		};
		2917574627E7D8AF00FE96E4 /* Sources */ = {
			isa = PBXSourcesBuildPhase;
			buildActionMask = 2147483647;
			files = (
				2917574F27E7D8AF00FE96E4 /* codeBlanchUITests.swift in Sources */,
				2917575127E7D8AF00FE96E4 /* codeBlanchUITestsLaunchTests.swift in Sources */,
			);
			runOnlyForDeploymentPostprocessing = 0;
		};
/* End PBXSourcesBuildPhase section */

/* Begin PBXTargetDependency section */
		2917574227E7D8AF00FE96E4 /* PBXTargetDependency */ = {
			isa = PBXTargetDependency;
			target = 2917572927E7D8A000FE96E4 /* codeBlanch */;
			targetProxy = 2917574127E7D8AF00FE96E4 /* PBXContainerItemProxy */;
		};
		2917574C27E7D8AF00FE96E4 /* PBXTargetDependency */ = {
			isa = PBXTargetDependency;
			target = 2917572927E7D8A000FE96E4 /* codeBlanch */;
			targetProxy = 2917574B27E7D8AF00FE96E4 /* PBXContainerItemProxy */;
		};
/* End PBXTargetDependency section */

/* Begin PBXVariantGroup section */
		2917573327E7D8A000FE96E4 /* Main.storyboard */ = {
			isa = PBXVariantGroup;
			children = (
				2917573427E7D8A000FE96E4 /* Base */,
			);
			name = Main.storyboard;
			sourceTree = "<group>";
		};
		2917573827E7D8AD00FE96E4 /* LaunchScreen.storyboard */ = {
			isa = PBXVariantGroup;
			children = (
				2917573927E7D8AD00FE96E4 /* Base */,
			);
			name = LaunchScreen.storyboard;
			sourceTree = "<group>";
		};
/* End PBXVariantGroup section */

/* Begin XCBuildConfiguration section */
		2917575227E7D8AF00FE96E4 /* Debug */ = {
			isa = XCBuildConfiguration;
			buildSettings = {
				ALWAYS_SEARCH_USER_PATHS = NO;
				CLANG_ANALYZER_NONNULL = YES;
				CLANG_ANALYZER_NUMBER_OBJECT_CONVERSION = YES_AGGRESSIVE;
				CLANG_CXX_LANGUAGE_STANDARD = "gnu++17";
				CLANG_CXX_LIBRARY = "libc++";
				CLANG_ENABLE_MODULES = YES;
				CLANG_ENABLE_OBJC_ARC = YES;
				CLANG_ENABLE_OBJC_WEAK = YES;
				CLANG_WARN_BLOCK_CAPTURE_AUTORELEASING = YES;
				CLANG_WARN_BOOL_CONVERSION = YES;
				CLANG_WARN_COMMA = YES;
				CLANG_WARN_CONSTANT_CONVERSION = YES;
				CLANG_WARN_DEPRECATED_OBJC_IMPLEMENTATIONS = YES;
				CLANG_WARN_DIRECT_OBJC_ISA_USAGE = YES_ERROR;
				CLANG_WARN_DOCUMENTATION_COMMENTS = YES;
				CLANG_WARN_EMPTY_BODY = YES;
				CLANG_WARN_ENUM_CONVERSION = YES;
				CLANG_WARN_INFINITE_RECURSION = YES;
				CLANG_WARN_INT_CONVERSION = YES;
				CLANG_WARN_NON_LITERAL_NULL_CONVERSION = YES;
				CLANG_WARN_OBJC_IMPLICIT_RETAIN_SELF = YES;
				CLANG_WARN_OBJC_LITERAL_CONVERSION = YES;
				CLANG_WARN_OBJC_ROOT_CLASS = YES_ERROR;
				CLANG_WARN_QUOTED_INCLUDE_IN_FRAMEWORK_HEADER = YES;
				CLANG_WARN_RANGE_LOOP_ANALYSIS = YES;
				CLANG_WARN_STRICT_PROTOTYPES = YES;
				CLANG_WARN_SUSPICIOUS_MOVE = YES;
				CLANG_WARN_UNGUARDED_AVAILABILITY = YES_AGGRESSIVE;
				CLANG_WARN_UNREACHABLE_CODE = YES;
				CLANG_WARN__DUPLICATE_METHOD_MATCH = YES;
				COPY_PHASE_STRIP = NO;
				DEBUG_INFORMATION_FORMAT = dwarf;
				ENABLE_STRICT_OBJC_MSGSEND = YES;
				ENABLE_TESTABILITY = YES;
				GCC_C_LANGUAGE_STANDARD = gnu11;
				GCC_DYNAMIC_NO_PIC = NO;
				GCC_NO_COMMON_BLOCKS = YES;
				GCC_OPTIMIZATION_LEVEL = 0;
				GCC_PREPROCESSOR_DEFINITIONS = (
					"DEBUG=1",
					"$(inherited)",
				);
				GCC_WARN_64_TO_32_BIT_CONVERSION = YES;
				GCC_WARN_ABOUT_RETURN_TYPE = YES_ERROR;
				GCC_WARN_UNDECLARED_SELECTOR = YES;
				GCC_WARN_UNINITIALIZED_AUTOS = YES_AGGRESSIVE;
				GCC_WARN_UNUSED_FUNCTION = YES;
				GCC_WARN_UNUSED_VARIABLE = YES;
				IPHONEOS_DEPLOYMENT_TARGET = 15.2;
				MTL_ENABLE_DEBUG_INFO = INCLUDE_SOURCE;
				MTL_FAST_MATH = YES;
				ONLY_ACTIVE_ARCH = YES;
				SDKROOT = iphoneos;
				SWIFT_ACTIVE_COMPILATION_CONDITIONS = DEBUG;
				SWIFT_OPTIMIZATION_LEVEL = "-Onone";
			};
			name = Debug;
		};
		2917575327E7D8AF00FE96E4 /* Release */ = {
			isa = XCBuildConfiguration;
			buildSettings = {
				ALWAYS_SEARCH_USER_PATHS = NO;
				CLANG_ANALYZER_NONNULL = YES;
				CLANG_ANALYZER_NUMBER_OBJECT_CONVERSION = YES_AGGRESSIVE;
				CLANG_CXX_LANGUAGE_STANDARD = "gnu++17";
				CLANG_CXX_LIBRARY = "libc++";
				CLANG_ENABLE_MODULES = YES;
				CLANG_ENABLE_OBJC_ARC = YES;
				CLANG_ENABLE_OBJC_WEAK = YES;
				CLANG_WARN_BLOCK_CAPTURE_AUTORELEASING = YES;
				CLANG_WARN_BOOL_CONVERSION = YES;
				CLANG_WARN_COMMA = YES;
				CLANG_WARN_CONSTANT_CONVERSION = YES;
				CLANG_WARN_DEPRECATED_OBJC_IMPLEMENTATIONS = YES;
				CLANG_WARN_DIRECT_OBJC_ISA_USAGE = YES_ERROR;
				CLANG_WARN_DOCUMENTATION_COMMENTS = YES;
				CLANG_WARN_EMPTY_BODY = YES;
				CLANG_WARN_ENUM_CONVERSION = YES;
				CLANG_WARN_INFINITE_RECURSION = YES;
				CLANG_WARN_INT_CONVERSION = YES;
				CLANG_WARN_NON_LITERAL_NULL_CONVERSION = YES;
				CLANG_WARN_OBJC_IMPLICIT_RETAIN_SELF = YES;
				CLANG_WARN_OBJC_LITERAL_CONVERSION = YES;
				CLANG_WARN_OBJC_ROOT_CLASS = YES_ERROR;
				CLANG_WARN_QUOTED_INCLUDE_IN_FRAMEWORK_HEADER = YES;
				CLANG_WARN_RANGE_LOOP_ANALYSIS = YES;
				CLANG_WARN_STRICT_PROTOTYPES = YES;
				CLANG_WARN_SUSPICIOUS_MOVE = YES;
				CLANG_WARN_UNGUARDED_AVAILABILITY = YES_AGGRESSIVE;
				CLANG_WARN_UNREACHABLE_CODE = YES;
				CLANG_WARN__DUPLICATE_METHOD_MATCH = YES;
				COPY_PHASE_STRIP = NO;
				DEBUG_INFORMATION_FORMAT = "dwarf-with-dsym";
				ENABLE_NS_ASSERTIONS = NO;
				ENABLE_STRICT_OBJC_MSGSEND = YES;
				GCC_C_LANGUAGE_STANDARD = gnu11;
				GCC_NO_COMMON_BLOCKS = YES;
				GCC_WARN_64_TO_32_BIT_CONVERSION = YES;
				GCC_WARN_ABOUT_RETURN_TYPE = YES_ERROR;
				GCC_WARN_UNDECLARED_SELECTOR = YES;
				GCC_WARN_UNINITIALIZED_AUTOS = YES_AGGRESSIVE;
				GCC_WARN_UNUSED_FUNCTION = YES;
				GCC_WARN_UNUSED_VARIABLE = YES;
				IPHONEOS_DEPLOYMENT_TARGET = 15.2;
				MTL_ENABLE_DEBUG_INFO = NO;
				MTL_FAST_MATH = YES;
				SDKROOT = iphoneos;
				SWIFT_COMPILATION_MODE = wholemodule;
				SWIFT_OPTIMIZATION_LEVEL = "-O";
				VALIDATE_PRODUCT = YES;
			};
			name = Release;
		};
		2917575527E7D8AF00FE96E4 /* Debug */ = {
			isa = XCBuildConfiguration;
			baseConfigurationReference = 9274E6A746B3B2BDD3E96655 /* Pods-codeBlanch.debug.xcconfig */;
			buildSettings = {
				ASSETCATALOG_COMPILER_APPICON_NAME = AppIcon;
				ASSETCATALOG_COMPILER_GLOBAL_ACCENT_COLOR_NAME = AccentColor;
				CODE_SIGN_STYLE = Automatic;
				CURRENT_PROJECT_VERSION = 1;
				GENERATE_INFOPLIST_FILE = YES;
				INFOPLIST_FILE = codeBlanch/Info.plist;
				INFOPLIST_KEY_UIApplicationSupportsIndirectInputEvents = YES;
				INFOPLIST_KEY_UILaunchStoryboardName = LaunchScreen;
				INFOPLIST_KEY_UIMainStoryboardFile = Main;
				INFOPLIST_KEY_UISupportedInterfaceOrientations_iPad = "UIInterfaceOrientationPortrait UIInterfaceOrientationPortraitUpsideDown UIInterfaceOrientationLandscapeLeft UIInterfaceOrientationLandscapeRight";
				INFOPLIST_KEY_UISupportedInterfaceOrientations_iPhone = "UIInterfaceOrientationPortrait UIInterfaceOrientationLandscapeLeft UIInterfaceOrientationLandscapeRight";
				LD_RUNPATH_SEARCH_PATHS = (
					"$(inherited)",
					"@executable_path/Frameworks",
				);
				MARKETING_VERSION = 1.0;
				PRODUCT_BUNDLE_IDENTIFIER = carlin.codeBlanch;
				PRODUCT_NAME = "$(TARGET_NAME)";
				SWIFT_EMIT_LOC_STRINGS = YES;
				SWIFT_VERSION = 5.0;
				TARGETED_DEVICE_FAMILY = "1,2";
			};
			name = Debug;
		};
		2917575627E7D8AF00FE96E4 /* Release */ = {
			isa = XCBuildConfiguration;
			baseConfigurationReference = 72003DA93CBB45622DC4D969 /* Pods-codeBlanch.release.xcconfig */;
			buildSettings = {
				ASSETCATALOG_COMPILER_APPICON_NAME = AppIcon;
				ASSETCATALOG_COMPILER_GLOBAL_ACCENT_COLOR_NAME = AccentColor;
				CODE_SIGN_STYLE = Automatic;
				CURRENT_PROJECT_VERSION = 1;
				GENERATE_INFOPLIST_FILE = YES;
				INFOPLIST_FILE = codeBlanch/Info.plist;
				INFOPLIST_KEY_UIApplicationSupportsIndirectInputEvents = YES;
				INFOPLIST_KEY_UILaunchStoryboardName = LaunchScreen;
				INFOPLIST_KEY_UIMainStoryboardFile = Main;
				INFOPLIST_KEY_UISupportedInterfaceOrientations_iPad = "UIInterfaceOrientationPortrait UIInterfaceOrientationPortraitUpsideDown UIInterfaceOrientationLandscapeLeft UIInterfaceOrientationLandscapeRight";
				INFOPLIST_KEY_UISupportedInterfaceOrientations_iPhone = "UIInterfaceOrientationPortrait UIInterfaceOrientationLandscapeLeft UIInterfaceOrientationLandscapeRight";
				LD_RUNPATH_SEARCH_PATHS = (
					"$(inherited)",
					"@executable_path/Frameworks",
				);
				MARKETING_VERSION = 1.0;
				PRODUCT_BUNDLE_IDENTIFIER = carlin.codeBlanch;
				PRODUCT_NAME = "$(TARGET_NAME)";
				SWIFT_EMIT_LOC_STRINGS = YES;
				SWIFT_VERSION = 5.0;
				TARGETED_DEVICE_FAMILY = "1,2";
			};
			name = Release;
		};
		2917575827E7D8AF00FE96E4 /* Debug */ = {
			isa = XCBuildConfiguration;
			baseConfigurationReference = 5FABEFBC8AA1BD33D640A6DE /* Pods-codeBlanchTests.debug.xcconfig */;
			buildSettings = {
				ALWAYS_EMBED_SWIFT_STANDARD_LIBRARIES = YES;
				BUNDLE_LOADER = "$(TEST_HOST)";
				CODE_SIGN_STYLE = Automatic;
				CURRENT_PROJECT_VERSION = 1;
				GENERATE_INFOPLIST_FILE = YES;
				IPHONEOS_DEPLOYMENT_TARGET = 15.2;
				MARKETING_VERSION = 1.0;
				PRODUCT_BUNDLE_IDENTIFIER = carlin.codeBlanchTests;
				PRODUCT_NAME = "$(TARGET_NAME)";
				SWIFT_EMIT_LOC_STRINGS = NO;
				SWIFT_VERSION = 5.0;
				TARGETED_DEVICE_FAMILY = "1,2";
				TEST_HOST = "$(BUILT_PRODUCTS_DIR)/codeBlanch.app/codeBlanch";
			};
			name = Debug;
		};
		2917575927E7D8AF00FE96E4 /* Release */ = {
			isa = XCBuildConfiguration;
			baseConfigurationReference = 1679A229DA208E92AB5C4FF4 /* Pods-codeBlanchTests.release.xcconfig */;
			buildSettings = {
				ALWAYS_EMBED_SWIFT_STANDARD_LIBRARIES = YES;
				BUNDLE_LOADER = "$(TEST_HOST)";
				CODE_SIGN_STYLE = Automatic;
				CURRENT_PROJECT_VERSION = 1;
				GENERATE_INFOPLIST_FILE = YES;
				IPHONEOS_DEPLOYMENT_TARGET = 15.2;
				MARKETING_VERSION = 1.0;
				PRODUCT_BUNDLE_IDENTIFIER = carlin.codeBlanchTests;
				PRODUCT_NAME = "$(TARGET_NAME)";
				SWIFT_EMIT_LOC_STRINGS = NO;
				SWIFT_VERSION = 5.0;
				TARGETED_DEVICE_FAMILY = "1,2";
				TEST_HOST = "$(BUILT_PRODUCTS_DIR)/codeBlanch.app/codeBlanch";
			};
			name = Release;
		};
		2917575B27E7D8AF00FE96E4 /* Debug */ = {
			isa = XCBuildConfiguration;
			baseConfigurationReference = 4F00503C2C816FBA4C88D2EC /* Pods-codeBlanch-codeBlanchUITests.debug.xcconfig */;
			buildSettings = {
				ALWAYS_EMBED_SWIFT_STANDARD_LIBRARIES = YES;
				CODE_SIGN_STYLE = Automatic;
				CURRENT_PROJECT_VERSION = 1;
				GENERATE_INFOPLIST_FILE = YES;
				MARKETING_VERSION = 1.0;
				PRODUCT_BUNDLE_IDENTIFIER = carlin.codeBlanchUITests;
				PRODUCT_NAME = "$(TARGET_NAME)";
				SWIFT_EMIT_LOC_STRINGS = NO;
				SWIFT_VERSION = 5.0;
				TARGETED_DEVICE_FAMILY = "1,2";
				TEST_TARGET_NAME = codeBlanch;
			};
			name = Debug;
		};
		2917575C27E7D8AF00FE96E4 /* Release */ = {
			isa = XCBuildConfiguration;
			baseConfigurationReference = A70B2A3D954BD588486FD77B /* Pods-codeBlanch-codeBlanchUITests.release.xcconfig */;
			buildSettings = {
				ALWAYS_EMBED_SWIFT_STANDARD_LIBRARIES = YES;
				CODE_SIGN_STYLE = Automatic;
				CURRENT_PROJECT_VERSION = 1;
				GENERATE_INFOPLIST_FILE = YES;
				MARKETING_VERSION = 1.0;
				PRODUCT_BUNDLE_IDENTIFIER = carlin.codeBlanchUITests;
				PRODUCT_NAME = "$(TARGET_NAME)";
				SWIFT_EMIT_LOC_STRINGS = NO;
				SWIFT_VERSION = 5.0;
				TARGETED_DEVICE_FAMILY = "1,2";
				TEST_TARGET_NAME = codeBlanch;
			};
			name = Release;
		};
/* End XCBuildConfiguration section */

/* Begin XCConfigurationList section */
		2917572527E7D8A000FE96E4 /* Build configuration list for PBXProject "codeBlanch" */ = {
			isa = XCConfigurationList;
			buildConfigurations = (
				2917575227E7D8AF00FE96E4 /* Debug */,
				2917575327E7D8AF00FE96E4 /* Release */,
			);
			defaultConfigurationIsVisible = 0;
			defaultConfigurationName = Release;
		};
		2917575427E7D8AF00FE96E4 /* Build configuration list for PBXNativeTarget "codeBlanch" */ = {
			isa = XCConfigurationList;
			buildConfigurations = (
				2917575527E7D8AF00FE96E4 /* Debug */,
				2917575627E7D8AF00FE96E4 /* Release */,
			);
			defaultConfigurationIsVisible = 0;
			defaultConfigurationName = Release;
		};
		2917575727E7D8AF00FE96E4 /* Build configuration list for PBXNativeTarget "codeBlanchTests" */ = {
			isa = XCConfigurationList;
			buildConfigurations = (
				2917575827E7D8AF00FE96E4 /* Debug */,
				2917575927E7D8AF00FE96E4 /* Release */,
			);
			defaultConfigurationIsVisible = 0;
			defaultConfigurationName = Release;
		};
		2917575A27E7D8AF00FE96E4 /* Build configuration list for PBXNativeTarget "codeBlanchUITests" */ = {
			isa = XCConfigurationList;
			buildConfigurations = (
				2917575B27E7D8AF00FE96E4 /* Debug */,
				2917575C27E7D8AF00FE96E4 /* Release */,
			);
			defaultConfigurationIsVisible = 0;
			defaultConfigurationName = Release;
		};
/* End XCConfigurationList section */
	};
	rootObject = 2917572227E7D8A000FE96E4 /* Project object */;
}
